
Microsoft Visual Studio Solution File, Format Version 12.00
# Visual Studio Version 17
VisualStudioVersion = 17.5.33516.290
MinimumVisualStudioVersion = 10.0.40219.1
Project("{9A19103F-16F7-4668-BE54-9A1E7A4F7556}") = "MaterializedViews.API", "MaterializedViews.API\MaterializedViews.API.csproj", "{A70D3BFA-30B7-4AAF-A4A1-66A51CA9BD6C}"
EndProject
Project("{FAE04EC0-301F-11D3-BF4B-00C04F79EFBC}") = "WorkerService", "WorkerService\WorkerService.csproj", "{1125CF6F-8F81-46AB-B602-3EEA72E87968}"
EndProject
Global
	GlobalSection(SolutionConfigurationPlatforms) = preSolution
		Debug|Any CPU = Debug|Any CPU
		Release|Any CPU = Release|Any CPU
	EndGlobalSection
	GlobalSection(ProjectConfigurationPlatforms) = postSolution
		{A70D3BFA-30B7-4AAF-A4A1-66A51CA9BD6C}.Debug|Any CPU.ActiveCfg = Debug|Any CPU
		{A70D3BFA-30B7-4AAF-A4A1-66A51CA9BD6C}.Debug|Any CPU.Build.0 = Debug|Any CPU
		{A70D3BFA-30B7-4AAF-A4A1-66A51CA9BD6C}.Release|Any CPU.ActiveCfg = Release|Any CPU
		{A70D3BFA-30B7-4AAF-A4A1-66A51CA9BD6C}.Release|Any CPU.Build.0 = Release|Any CPU
		{1125CF6F-8F81-46AB-B602-3EEA72E87968}.Debug|Any CPU.ActiveCfg = Debug|Any CPU
		{1125CF6F-8F81-46AB-B602-3EEA72E87968}.Debug|Any CPU.Build.0 = Debug|Any CPU
		{1125CF6F-8F81-46AB-B602-3EEA72E87968}.Release|Any CPU.ActiveCfg = Release|Any CPU
		{1125CF6F-8F81-46AB-B602-3EEA72E87968}.Release|Any CPU.Build.0 = Release|Any CPU
	EndGlobalSection
	GlobalSection(SolutionProperties) = preSolution
		HideSolutionNode = FALSE
	EndGlobalSection
	GlobalSection(ExtensibilityGlobals) = postSolution
		SolutionGuid = {BACDA89F-E1ED-4089-A6CB-D7F68CD66DC5}
	EndGlobalSection
EndGlobal
